
Microsoft Visual Studio Solution File, Format Version 12.00
# Visual Studio Version 16
VisualStudioVersion = 16.0.31624.102
MinimumVisualStudioVersion = 10.0.40219.1
Project("{9A19103F-16F7-4668-BE54-9A1E7A4F7556}") = "Lesson03", "Lesson03\Lesson03.csproj", "{EE2960FB-FE9D-4D85-9A3D-8AE532B9CF19}"
EndProject
Project("{FAE04EC0-301F-11D3-BF4B-00C04F79EFBC}") = "MetricsManagerTest", "MetricsManagerTest\MetricsManagerTest.csproj", "{CCCCCBE2-576C-4949-9001-16CDFF6B249C}"
	ProjectSection(ProjectDependencies) = postProject
		{EE2960FB-FE9D-4D85-9A3D-8AE532B9CF19} = {EE2960FB-FE9D-4D85-9A3D-8AE532B9CF19}
	EndProjectSection
EndProject
Global
	GlobalSection(SolutionConfigurationPlatforms) = preSolution
		Debug|Any CPU = Debug|Any CPU
		Release|Any CPU = Release|Any CPU
	EndGlobalSection
	GlobalSection(ProjectConfigurationPlatforms) = postSolution
		{EE2960FB-FE9D-4D85-9A3D-8AE532B9CF19}.Debug|Any CPU.ActiveCfg = Debug|Any CPU
		{EE2960FB-FE9D-4D85-9A3D-8AE532B9CF19}.Debug|Any CPU.Build.0 = Debug|Any CPU
		{EE2960FB-FE9D-4D85-9A3D-8AE532B9CF19}.Release|Any CPU.ActiveCfg = Release|Any CPU
		{EE2960FB-FE9D-4D85-9A3D-8AE532B9CF19}.Release|Any CPU.Build.0 = Release|Any CPU
		{CCCCCBE2-576C-4949-9001-16CDFF6B249C}.Debug|Any CPU.ActiveCfg = Debug|Any CPU
		{CCCCCBE2-576C-4949-9001-16CDFF6B249C}.Debug|Any CPU.Build.0 = Debug|Any CPU
		{CCCCCBE2-576C-4949-9001-16CDFF6B249C}.Release|Any CPU.ActiveCfg = Release|Any CPU
		{CCCCCBE2-576C-4949-9001-16CDFF6B249C}.Release|Any CPU.Build.0 = Release|Any CPU
	EndGlobalSection
	GlobalSection(SolutionProperties) = preSolution
		HideSolutionNode = FALSE
	EndGlobalSection
	GlobalSection(ExtensibilityGlobals) = postSolution
		SolutionGuid = {8F7FE72A-5A9D-4FCE-8CEB-0BEFE94FDB18}
	EndGlobalSection
EndGlobal
