
Microsoft Visual Studio Solution File, Format Version 12.00
# Visual Studio Version 16
VisualStudioVersion = 16.0.31624.102
MinimumVisualStudioVersion = 10.0.40219.1
Project("{FAE04EC0-301F-11D3-BF4B-00C04F79EFBC}") = "Lesson03", "Lesson03\Lesson03.csproj", "{CF2859AD-64EB-4280-85D2-7ABEB1E8862E}"
EndProject
Global
	GlobalSection(SolutionConfigurationPlatforms) = preSolution
		Debug|Any CPU = Debug|Any CPU
		Release|Any CPU = Release|Any CPU
	EndGlobalSection
	GlobalSection(ProjectConfigurationPlatforms) = postSolution
		{CF2859AD-64EB-4280-85D2-7ABEB1E8862E}.Debug|Any CPU.ActiveCfg = Debug|Any CPU
		{CF2859AD-64EB-4280-85D2-7ABEB1E8862E}.Debug|Any CPU.Build.0 = Debug|Any CPU
		{CF2859AD-64EB-4280-85D2-7ABEB1E8862E}.Release|Any CPU.ActiveCfg = Release|Any CPU
		{CF2859AD-64EB-4280-85D2-7ABEB1E8862E}.Release|Any CPU.Build.0 = Release|Any CPU
	EndGlobalSection
	GlobalSection(SolutionProperties) = preSolution
		HideSolutionNode = FALSE
	EndGlobalSection
	GlobalSection(ExtensibilityGlobals) = postSolution
		SolutionGuid = {D3CD9A9C-3B86-4495-A3B0-5ADDC3570969}
	EndGlobalSection
EndGlobal
