
Microsoft Visual Studio Solution File, Format Version 12.00
# Visual Studio Version 16
VisualStudioVersion = 16.0.31624.102
MinimumVisualStudioVersion = 10.0.40219.1
Project("{FAE04EC0-301F-11D3-BF4B-00C04F79EFBC}") = "Lesson02", "Lesson02\Lesson02.csproj", "{77B41352-14BE-4190-B3C2-07FB56F30147}"
EndProject
Global
	GlobalSection(SolutionConfigurationPlatforms) = preSolution
		Debug|Any CPU = Debug|Any CPU
		Release|Any CPU = Release|Any CPU
	EndGlobalSection
	GlobalSection(ProjectConfigurationPlatforms) = postSolution
		{77B41352-14BE-4190-B3C2-07FB56F30147}.Debug|Any CPU.ActiveCfg = Debug|Any CPU
		{77B41352-14BE-4190-B3C2-07FB56F30147}.Debug|Any CPU.Build.0 = Debug|Any CPU
		{77B41352-14BE-4190-B3C2-07FB56F30147}.Release|Any CPU.ActiveCfg = Release|Any CPU
		{77B41352-14BE-4190-B3C2-07FB56F30147}.Release|Any CPU.Build.0 = Release|Any CPU
	EndGlobalSection
	GlobalSection(SolutionProperties) = preSolution
		HideSolutionNode = FALSE
	EndGlobalSection
	GlobalSection(ExtensibilityGlobals) = postSolution
		SolutionGuid = {5AB033DB-42A6-4429-A439-35E1453DA8D5}
	EndGlobalSection
EndGlobal
