
Microsoft Visual Studio Solution File, Format Version 12.00
# Visual Studio Version 16
VisualStudioVersion = 16.0.31624.102
MinimumVisualStudioVersion = 10.0.40219.1
Project("{9A19103F-16F7-4668-BE54-9A1E7A4F7556}") = "Lesson02", "Lesson02\Lesson02.csproj", "{C248A5E8-DBAE-4127-A18E-95A2B658891B}"
EndProject
Project("{FAE04EC0-301F-11D3-BF4B-00C04F79EFBC}") = "MetricsManagerTest", "MetricsManagerTest\MetricsManagerTest.csproj", "{A05D2729-102D-4EBB-9400-9386162F3E55}"
EndProject
Global
	GlobalSection(SolutionConfigurationPlatforms) = preSolution
		Debug|Any CPU = Debug|Any CPU
		Release|Any CPU = Release|Any CPU
	EndGlobalSection
	GlobalSection(ProjectConfigurationPlatforms) = postSolution
		{C248A5E8-DBAE-4127-A18E-95A2B658891B}.Debug|Any CPU.ActiveCfg = Debug|Any CPU
		{C248A5E8-DBAE-4127-A18E-95A2B658891B}.Debug|Any CPU.Build.0 = Debug|Any CPU
		{C248A5E8-DBAE-4127-A18E-95A2B658891B}.Release|Any CPU.ActiveCfg = Release|Any CPU
		{C248A5E8-DBAE-4127-A18E-95A2B658891B}.Release|Any CPU.Build.0 = Release|Any CPU
		{A05D2729-102D-4EBB-9400-9386162F3E55}.Debug|Any CPU.ActiveCfg = Debug|Any CPU
		{A05D2729-102D-4EBB-9400-9386162F3E55}.Debug|Any CPU.Build.0 = Debug|Any CPU
		{A05D2729-102D-4EBB-9400-9386162F3E55}.Release|Any CPU.ActiveCfg = Release|Any CPU
		{A05D2729-102D-4EBB-9400-9386162F3E55}.Release|Any CPU.Build.0 = Release|Any CPU
	EndGlobalSection
	GlobalSection(SolutionProperties) = preSolution
		HideSolutionNode = FALSE
	EndGlobalSection
	GlobalSection(ExtensibilityGlobals) = postSolution
		SolutionGuid = {C0E2641A-D955-4627-9F8D-48ACE3B18C21}
	EndGlobalSection
EndGlobal
